{
  "name": "nodejs_demo",
  "lockfileVersion": 3,
  "requires": true,
  "packages": {
    "": {
      "dependencies": {
        "argv": "^0.0.3"
      }
    },
    "node_modules/argv": {
      "version": "0.0.3",
      "resolved": "https://registry.npmmirror.com/argv/-/argv-0.0.3.tgz",
      "integrity": "sha512-T/78+mAFUtUoCCdEiXzMwumwX490tUCQwMiKrr2DVEM90uvkiQqI3izIF5GXgCDAet1NAlPsKTV63wNc4wuIag==",
      "deprecated": "Package no longer supported. Contact Support at https://www.npmjs.com/support for more info.",
      "engines": {
        "node": ">=0.6.10"
      }
    }
  }
}
